
Microsoft Visual Studio Solution File, Format Version 12.00
# Visual Studio Version 16
VisualStudioVersion = 16.0.28803.156
MinimumVisualStudioVersion = 10.0.40219.1
Project("{FAE04EC0-301F-11D3-BF4B-00C04F79EFBC}") = "Demo2", "Demo2.csproj", "{F3C69D12-E6DD-4006-B8CD-10FEAC465F78}"
EndProject
Global
	GlobalSection(SolutionConfigurationPlatforms) = preSolution
		Debug|Any CPU = Debug|Any CPU
		Release|Any CPU = Release|Any CPU
	EndGlobalSection
	GlobalSection(ProjectConfigurationPlatforms) = postSolution
		{F3C69D12-E6DD-4006-B8CD-10FEAC465F78}.Debug|Any CPU.ActiveCfg = Debug|Any CPU
		{F3C69D12-E6DD-4006-B8CD-10FEAC465F78}.Debug|Any CPU.Build.0 = Debug|Any CPU
		{F3C69D12-E6DD-4006-B8CD-10FEAC465F78}.Release|Any CPU.ActiveCfg = Release|Any CPU
		{F3C69D12-E6DD-4006-B8CD-10FEAC465F78}.Release|Any CPU.Build.0 = Release|Any CPU
	EndGlobalSection
	GlobalSection(SolutionProperties) = preSolution
		HideSolutionNode = FALSE
	EndGlobalSection
	GlobalSection(ExtensibilityGlobals) = postSolution
		SolutionGuid = {3D57A1D9-4B84-4EAC-A4F3-C844EB79ED17}
	EndGlobalSection
EndGlobal
